
Microsoft Visual Studio Solution File, Format Version 12.00
# Visual Studio Version 16
VisualStudioVersion = 16.0.31410.357
MinimumVisualStudioVersion = 10.0.40219.1
Project("{9A19103F-16F7-4668-BE54-9A1E7A4F7556}") = "Server", "Server\Server.csproj", "{E250B8AD-513A-40E4-A43E-D384DF37C870}"
EndProject
Project("{9A19103F-16F7-4668-BE54-9A1E7A4F7556}") = "Mqtt", "Mqtt\Mqtt.csproj", "{EDE35D5C-5710-47AE-B915-15935EB77BCC}"
EndProject
Project("{9A19103F-16F7-4668-BE54-9A1E7A4F7556}") = "Client", "Client\Client.csproj", "{088DC372-6B33-4EF0-9CEA-251332C9E4A0}"
	ProjectSection(ProjectDependencies) = postProject
		{EDE35D5C-5710-47AE-B915-15935EB77BCC} = {EDE35D5C-5710-47AE-B915-15935EB77BCC}
	EndProjectSection
EndProject
Project("{9A19103F-16F7-4668-BE54-9A1E7A4F7556}") = "Common", "Common\Common.csproj", "{7CB90B2E-777F-4E3B-8DE9-84D00D5CD3E2}"
EndProject
Global
	GlobalSection(SolutionConfigurationPlatforms) = preSolution
		Debug|Any CPU = Debug|Any CPU
		Release|Any CPU = Release|Any CPU
	EndGlobalSection
	GlobalSection(ProjectConfigurationPlatforms) = postSolution
		{E250B8AD-513A-40E4-A43E-D384DF37C870}.Debug|Any CPU.ActiveCfg = Debug|Any CPU
		{E250B8AD-513A-40E4-A43E-D384DF37C870}.Debug|Any CPU.Build.0 = Debug|Any CPU
		{E250B8AD-513A-40E4-A43E-D384DF37C870}.Release|Any CPU.ActiveCfg = Release|Any CPU
		{E250B8AD-513A-40E4-A43E-D384DF37C870}.Release|Any CPU.Build.0 = Release|Any CPU
		{EDE35D5C-5710-47AE-B915-15935EB77BCC}.Debug|Any CPU.ActiveCfg = Debug|Any CPU
		{EDE35D5C-5710-47AE-B915-15935EB77BCC}.Debug|Any CPU.Build.0 = Debug|Any CPU
		{EDE35D5C-5710-47AE-B915-15935EB77BCC}.Release|Any CPU.ActiveCfg = Release|Any CPU
		{EDE35D5C-5710-47AE-B915-15935EB77BCC}.Release|Any CPU.Build.0 = Release|Any CPU
		{088DC372-6B33-4EF0-9CEA-251332C9E4A0}.Debug|Any CPU.ActiveCfg = Debug|Any CPU
		{088DC372-6B33-4EF0-9CEA-251332C9E4A0}.Debug|Any CPU.Build.0 = Debug|Any CPU
		{088DC372-6B33-4EF0-9CEA-251332C9E4A0}.Release|Any CPU.ActiveCfg = Release|Any CPU
		{088DC372-6B33-4EF0-9CEA-251332C9E4A0}.Release|Any CPU.Build.0 = Release|Any CPU
		{7CB90B2E-777F-4E3B-8DE9-84D00D5CD3E2}.Debug|Any CPU.ActiveCfg = Debug|Any CPU
		{7CB90B2E-777F-4E3B-8DE9-84D00D5CD3E2}.Debug|Any CPU.Build.0 = Debug|Any CPU
		{7CB90B2E-777F-4E3B-8DE9-84D00D5CD3E2}.Release|Any CPU.ActiveCfg = Release|Any CPU
		{7CB90B2E-777F-4E3B-8DE9-84D00D5CD3E2}.Release|Any CPU.Build.0 = Release|Any CPU
	EndGlobalSection
	GlobalSection(SolutionProperties) = preSolution
		HideSolutionNode = FALSE
	EndGlobalSection
	GlobalSection(ExtensibilityGlobals) = postSolution
		SolutionGuid = {963C97C1-7060-4A0D-A887-8357EE57CF45}
	EndGlobalSection
EndGlobal
